lockfileVersion: '9.0'

settings:
  autoInstallPeers: true
  excludeLinksFromLockfile: false

importers:

  .:
    dependencies:
      pgsql-ast-parser:
        specifier: 12.0.2
        version: 12.0.2
      pgsql-parser:
        specifier: 17.9.15
        version: 17.9.15

packages:

  '@pgsql/quotes@17.1.0':
    resolution: {integrity: sha512-J/H+LcrENBpYgL45WW6aTjb5Yk4tX4+AmB2/k8KZa+Zh3wiCtqmNIag+HZz5HmWaF6EZK9ZGC95NBD1fs+rUvg==}

  '@pgsql/types@17.6.2':
    resolution: {integrity: sha512-1UtbELdbqNdyOShhrVfSz3a1gDi0s9XXiQemx+6QqtsrXe62a6zOGU+vjb2GRfG5jeEokI1zBBcfD42enRv0Rw==}

  commander@2.20.3:
    resolution: {integrity: sha512-GpVkmM8vF2vQUkj2LvZmD35JxeJOLCwJ9cUkugyk2nuhbv3+mJvpLYYt+0+USMxE+oj+ey/lJEnhZw75x/OMcQ==}

  discontinuous-range@1.0.0:
    resolution: {integrity: sha512-c68LpLbO+7kP/b1Hr1qs8/BJ09F5khZGTxqxZuhzxpmwJKOgRFHJWIb9/KmqnqHhLdO55aOxFH/EGBvUQbL/RQ==}

  libpg-query@17.7.3:
    resolution: {integrity: sha512-lHKBvoWRsXt/9bJxpAeFxkLu0CA6tELusqy3o1z6/DwGXSETxhKJDaNlNdrNV8msvXDLBhpg/4RE/fKKs5rYFA==}

  moo@0.5.3:
    resolution: {integrity: sha512-m2fmM2dDm7GZQsY7KK2cme8agi+AAljILjQnof7p1ZMDe6dQ4bdnSMx0cPppudoeNv5hEFQirN6u+O4fDE0IWA==}

  nearley@2.20.1:
    resolution: {integrity: sha512-+Mc8UaAebFzgV+KpI5n7DasuuQCHA89dmwm7JXw3TV43ukfNQ9DnBH3Mdb2g/I4Fdxc26pwimBWvjIw0UAILSQ==}
    hasBin: true

  pgsql-ast-parser@12.0.2:
    resolution: {integrity: sha512-1WWa96Sw6h4uv9GLw98EzH/+xoBTC8j2TwV/AMW3E+Ir/fHOu/jLLbj6kPiz3y2bGISTKNYvKWwHoqvQ5FLuAw==}

  pgsql-deparser@17.18.3:
    resolution: {integrity: sha512-lD8kPWgw9KAbUbKbQKgzDGzVdtEmp25N+7qZl62I7v8Uu9Wqy7+M0EOeU96++OgPD9S1pyp9MKNGzZzPJF2C4Q==}

  pgsql-parser@17.9.15:
    resolution: {integrity: sha512-6+k0EtTn0CEQTR5v2APARu9En4vm46TpmpdMSfKDHkZwWZuEc08B7SeVg32VxNQ2HD5xk+dQ9TD0k9m+S+vFgg==}

  railroad-diagrams@1.0.0:
    resolution: {integrity: sha512-cz93DjNeLY0idrCNOH6PviZGRN9GJhsdm9hpn1YCS879fj4W+x5IFJhhkRZcwVgMmFF7R82UA/7Oh+R8lLZg6A==}

  randexp@0.4.6:
    resolution: {integrity: sha512-80WNmd9DA0tmZrw9qQa62GPPWfuXJknrmVmLcxvq4uZBdYqb1wYoKTmnlGUchvVWe0XiLupYkBoXVOxz3C8DYQ==}
    engines: {node: '>=0.12'}

  ret@0.1.15:
    resolution: {integrity: sha512-TTlYpa+OL+vMMNG24xSlQGEJ3B/RzEfUlLct7b5G/ytav+wPrplCpVMFuwzXbkecJrb6IYo1iFb0S9v37754mg==}
    engines: {node: '>=0.12'}

snapshots:

  '@pgsql/quotes@17.1.0': {}

  '@pgsql/types@17.6.2': {}

  commander@2.20.3: {}

  discontinuous-range@1.0.0: {}

  libpg-query@17.7.3:
    dependencies:
      '@pgsql/types': 17.6.2

  moo@0.5.3: {}

  nearley@2.20.1:
    dependencies:
      commander: 2.20.3
      moo: 0.5.3
      railroad-diagrams: 1.0.0
      randexp: 0.4.6

  pgsql-ast-parser@12.0.2:
    dependencies:
      moo: 0.5.3
      nearley: 2.20.1

  pgsql-deparser@17.18.3:
    dependencies:
      '@pgsql/quotes': 17.1.0
      '@pgsql/types': 17.6.2

  pgsql-parser@17.9.15:
    dependencies:
      '@pgsql/types': 17.6.2
      libpg-query: 17.7.3
      pgsql-deparser: 17.18.3

  railroad-diagrams@1.0.0: {}

  randexp@0.4.6:
    dependencies:
      discontinuous-range: 1.0.0
      ret: 0.1.15

  ret@0.1.15: {}
